
Microsoft Visual Studio Solution File, Format Version 12.00
# Visual Studio Version 17
VisualStudioVersion = 17.9.34902.65
MinimumVisualStudioVersion = 10.0.40219.1
Project("{8BC9CEB8-8B4A-11D0-8D11-00A0C91BC942}") = "0604_5520059", "0604_5520059\0604_5520059.vcxproj", "{A2C52495-C06A-4A20-87AC-AFD0A8D5DE5E}"
EndProject
Global
	GlobalSection(SolutionConfigurationPlatforms) = preSolution
		Debug|x64 = Debug|x64
		Debug|x86 = Debug|x86
		Release|x64 = Release|x64
		Release|x86 = Release|x86
	EndGlobalSection
	GlobalSection(ProjectConfigurationPlatforms) = postSolution
		{A2C52495-C06A-4A20-87AC-AFD0A8D5DE5E}.Debug|x64.ActiveCfg = Debug|x64
		{A2C52495-C06A-4A20-87AC-AFD0A8D5DE5E}.Debug|x64.Build.0 = Debug|x64
		{A2C52495-C06A-4A20-87AC-AFD0A8D5DE5E}.Debug|x86.ActiveCfg = Debug|Win32
		{A2C52495-C06A-4A20-87AC-AFD0A8D5DE5E}.Debug|x86.Build.0 = Debug|Win32
		{A2C52495-C06A-4A20-87AC-AFD0A8D5DE5E}.Release|x64.ActiveCfg = Release|x64
		{A2C52495-C06A-4A20-87AC-AFD0A8D5DE5E}.Release|x64.Build.0 = Release|x64
		{A2C52495-C06A-4A20-87AC-AFD0A8D5DE5E}.Release|x86.ActiveCfg = Release|Win32
		{A2C52495-C06A-4A20-87AC-AFD0A8D5DE5E}.Release|x86.Build.0 = Release|Win32
	EndGlobalSection
	GlobalSection(SolutionProperties) = preSolution
		HideSolutionNode = FALSE
	EndGlobalSection
	GlobalSection(ExtensibilityGlobals) = postSolution
		SolutionGuid = {CE445F17-7524-42EA-AB63-949D96FCBF75}
	EndGlobalSection
EndGlobal
